// !$*UTF8*$!
{
	archiveVersion = 1;
	classes = {
	};
	objectVersion = 46;
	objects = {

/* Begin PBXBuildFile section */
		E7123E2C1B77ED580070AC66 /* UIColor+TFAlertColors.m in Sources */ = {isa = PBXBuildFile; fileRef = E7E544E61B769B8A006E3021 /* UIColor+TFAlertColors.m */; };
		E721DD601B77C76900AC04C1 /* Interface.storyboard in Resources */ = {isa = PBXBuildFile; fileRef = E721DD5E1B77C76900AC04C1 /* Interface.storyboard */; };
		E721DD621B77C76900AC04C1 /* Assets.xcassets in Resources */ = {isa = PBXBuildFile; fileRef = E721DD611B77C76900AC04C1 /* Assets.xcassets */; };
		E721DD691B77C76900AC04C1 /* TrainFaceWatchKitApp Extension.appex in Embed App Extensions */ = {isa = PBXBuildFile; fileRef = E721DD681B77C76900AC04C1 /* TrainFaceWatchKitApp Extension.appex */; settings = {ATTRIBUTES = (RemoveHeadersOnCopy, ); }; };
		E721DD6F1B77C76900AC04C1 /* InterfaceController.m in Sources */ = {isa = PBXBuildFile; fileRef = E721DD6E1B77C76900AC04C1 /* InterfaceController.m */; };
		E721DD721B77C76900AC04C1 /* ExtensionDelegate.m in Sources */ = {isa = PBXBuildFile; fileRef = E721DD711B77C76900AC04C1 /* ExtensionDelegate.m */; };
		E721DD751B77C76900AC04C1 /* ComplicationController.m in Sources */ = {isa = PBXBuildFile; fileRef = E721DD741B77C76900AC04C1 /* ComplicationController.m */; };
		E721DD771B77C76900AC04C1 /* Assets.xcassets in Resources */ = {isa = PBXBuildFile; fileRef = E721DD761B77C76900AC04C1 /* Assets.xcassets */; };
		E721DD7B1B77C76900AC04C1 /* TrainFaceWatchKitApp.app in Embed Watch Content */ = {isa = PBXBuildFile; fileRef = E721DD5C1B77C76900AC04C1 /* TrainFaceWatchKitApp.app */; };
		E78576221B78294D00E7D338 /* DetailInterfaceController.m in Sources */ = {isa = PBXBuildFile; fileRef = E78576211B78294D00E7D338 /* DetailInterfaceController.m */; };
		E78F48AB1B77C8A60023C8DB /* TFWTrainRow.m in Sources */ = {isa = PBXBuildFile; fileRef = E78F48AA1B77C8A60023C8DB /* TFWTrainRow.m */; };
		E7E544B41B766740006E3021 /* main.m in Sources */ = {isa = PBXBuildFile; fileRef = E7E544B31B766740006E3021 /* main.m */; };
		E7E544C01B766740006E3021 /* Main.storyboard in Resources */ = {isa = PBXBuildFile; fileRef = E7E544BE1B766740006E3021 /* Main.storyboard */; };
		E7E544C21B766740006E3021 /* Assets.xcassets in Resources */ = {isa = PBXBuildFile; fileRef = E7E544C11B766740006E3021 /* Assets.xcassets */; };
		E7E544C51B766740006E3021 /* LaunchScreen.storyboard in Resources */ = {isa = PBXBuildFile; fileRef = E7E544C31B766740006E3021 /* LaunchScreen.storyboard */; };
		E7E544D71B7667EE006E3021 /* TFAppDelegate.m in Sources */ = {isa = PBXBuildFile; fileRef = E7E544CF1B7667EE006E3021 /* TFAppDelegate.m */; };
		E7E544D81B7667EE006E3021 /* TFDetailViewController.m in Sources */ = {isa = PBXBuildFile; fileRef = E7E544D21B7667EE006E3021 /* TFDetailViewController.m */; };
		E7E544D91B7667EE006E3021 /* TFMasterViewController.m in Sources */ = {isa = PBXBuildFile; fileRef = E7E544D41B7667EE006E3021 /* TFMasterViewController.m */; };
		E7E544DC1B766A77006E3021 /* TFLiveDataSource.m in Sources */ = {isa = PBXBuildFile; fileRef = E7E544DB1B766A77006E3021 /* TFLiveDataSource.m */; };
		E7E544E11B768BA6006E3021 /* UIImage+TFSubwayLine.m in Sources */ = {isa = PBXBuildFile; fileRef = E7E544E01B768BA6006E3021 /* UIImage+TFSubwayLine.m */; };
		E7E544E71B769B8A006E3021 /* UIColor+TFAlertColors.m in Sources */ = {isa = PBXBuildFile; fileRef = E7E544E61B769B8A006E3021 /* UIColor+TFAlertColors.m */; };
/* End PBXBuildFile section */

/* Begin PBXContainerItemProxy section */
		E721DD6A1B77C76900AC04C1 /* PBXContainerItemProxy */ = {
			isa = PBXContainerItemProxy;
			containerPortal = E7E544A71B76673F006E3021 /* Project object */;
			proxyType = 1;
			remoteGlobalIDString = E721DD671B77C76900AC04C1;
			remoteInfo = "TrainFaceWatchKitApp Extension";
		};
		E721DD791B77C76900AC04C1 /* PBXContainerItemProxy */ = {
			isa = PBXContainerItemProxy;
			containerPortal = E7E544A71B76673F006E3021 /* Project object */;
			proxyType = 1;
			remoteGlobalIDString = E721DD5B1B77C76900AC04C1;
			remoteInfo = TrainFaceWatchKitApp;
		};
/* End PBXContainerItemProxy section */

/* Begin PBXCopyFilesBuildPhase section */
		E721DD7F1B77C76900AC04C1 /* Embed App Extensions */ = {
			isa = PBXCopyFilesBuildPhase;
			buildActionMask = 2147483647;
			dstPath = "";
			dstSubfolderSpec = 13;
			files = (
				E721DD691B77C76900AC04C1 /* TrainFaceWatchKitApp Extension.appex in Embed App Extensions */,
			);
			name = "Embed App Extensions";
			runOnlyForDeploymentPostprocessing = 0;
		};
		E721DD831B77C76900AC04C1 /* Embed Watch Content */ = {
			isa = PBXCopyFilesBuildPhase;
			buildActionMask = 2147483647;
			dstPath = "$(CONTENTS_FOLDER_PATH)/Watch";
			dstSubfolderSpec = 16;
			files = (
				E721DD7B1B77C76900AC04C1 /* TrainFaceWatchKitApp.app in Embed Watch Content */,
			);
			name = "Embed Watch Content";
			runOnlyForDeploymentPostprocessing = 0;
		};
/* End PBXCopyFilesBuildPhase section */

/* Begin PBXFileReference section */
		E721DD5C1B77C76900AC04C1 /* TrainFaceWatchKitApp.app */ = {isa = PBXFileReference; explicitFileType = wrapper.application; includeInIndex = 0; path = TrainFaceWatchKitApp.app; sourceTree = BUILT_PRODUCTS_DIR; };
		E721DD5F1B77C76900AC04C1 /* Base */ = {isa = PBXFileReference; lastKnownFileType = file.storyboard; name = Base; path = Base.lproj/Interface.storyboard; sourceTree = "<group>"; };
		E721DD611B77C76900AC04C1 /* Assets.xcassets */ = {isa = PBXFileReference; lastKnownFileType = folder.assetcatalog; path = Assets.xcassets; sourceTree = "<group>"; };
		E721DD631B77C76900AC04C1 /* Info.plist */ = {isa = PBXFileReference; lastKnownFileType = text.plist.xml; path = Info.plist; sourceTree = "<group>"; };
		E721DD681B77C76900AC04C1 /* TrainFaceWatchKitApp Extension.appex */ = {isa = PBXFileReference; explicitFileType = "wrapper.app-extension"; includeInIndex = 0; path = "TrainFaceWatchKitApp Extension.appex"; sourceTree = BUILT_PRODUCTS_DIR; };
		E721DD6D1B77C76900AC04C1 /* InterfaceController.h */ = {isa = PBXFileReference; lastKnownFileType = sourcecode.c.h; path = InterfaceController.h; sourceTree = "<group>"; };
		E721DD6E1B77C76900AC04C1 /* InterfaceController.m */ = {isa = PBXFileReference; lastKnownFileType = sourcecode.c.objc; path = InterfaceController.m; sourceTree = "<group>"; };
		E721DD701B77C76900AC04C1 /* ExtensionDelegate.h */ = {isa = PBXFileReference; lastKnownFileType = sourcecode.c.h; path = ExtensionDelegate.h; sourceTree = "<group>"; };
		E721DD711B77C76900AC04C1 /* ExtensionDelegate.m */ = {isa = PBXFileReference; lastKnownFileType = sourcecode.c.objc; path = ExtensionDelegate.m; sourceTree = "<group>"; };
		E721DD731B77C76900AC04C1 /* ComplicationController.h */ = {isa = PBXFileReference; lastKnownFileType = sourcecode.c.h; path = ComplicationController.h; sourceTree = "<group>"; };
		E721DD741B77C76900AC04C1 /* ComplicationController.m */ = {isa = PBXFileReference; lastKnownFileType = sourcecode.c.objc; path = ComplicationController.m; sourceTree = "<group>"; };
		E721DD761B77C76900AC04C1 /* Assets.xcassets */ = {isa = PBXFileReference; lastKnownFileType = folder.assetcatalog; path = Assets.xcassets; sourceTree = "<group>"; };
		E721DD781B77C76900AC04C1 /* Info.plist */ = {isa = PBXFileReference; lastKnownFileType = text.plist.xml; path = Info.plist; sourceTree = "<group>"; };
		E78576201B78294D00E7D338 /* DetailInterfaceController.h */ = {isa = PBXFileReference; fileEncoding = 4; lastKnownFileType = sourcecode.c.h; path = DetailInterfaceController.h; sourceTree = "<group>"; };
		E78576211B78294D00E7D338 /* DetailInterfaceController.m */ = {isa = PBXFileReference; fileEncoding = 4; lastKnownFileType = sourcecode.c.objc; path = DetailInterfaceController.m; sourceTree = "<group>"; };
		E78F48A91B77C8A60023C8DB /* TFWTrainRow.h */ = {isa = PBXFileReference; fileEncoding = 4; lastKnownFileType = sourcecode.c.h; path = TFWTrainRow.h; sourceTree = "<group>"; };
		E78F48AA1B77C8A60023C8DB /* TFWTrainRow.m */ = {isa = PBXFileReference; fileEncoding = 4; lastKnownFileType = sourcecode.c.objc; path = TFWTrainRow.m; sourceTree = "<group>"; };
		E7E544AF1B766740006E3021 /* TrainFace.app */ = {isa = PBXFileReference; explicitFileType = wrapper.application; includeInIndex = 0; path = TrainFace.app; sourceTree = BUILT_PRODUCTS_DIR; };
		E7E544B31B766740006E3021 /* main.m */ = {isa = PBXFileReference; lastKnownFileType = sourcecode.c.objc; path = main.m; sourceTree = "<group>"; };
		E7E544BF1B766740006E3021 /* Base */ = {isa = PBXFileReference; lastKnownFileType = file.storyboard; name = Base; path = Base.lproj/Main.storyboard; sourceTree = "<group>"; };
		E7E544C11B766740006E3021 /* Assets.xcassets */ = {isa = PBXFileReference; lastKnownFileType = folder.assetcatalog; path = Assets.xcassets; sourceTree = "<group>"; };
		E7E544C41B766740006E3021 /* Base */ = {isa = PBXFileReference; lastKnownFileType = file.storyboard; name = Base; path = Base.lproj/LaunchScreen.storyboard; sourceTree = "<group>"; };
		E7E544C61B766740006E3021 /* Info.plist */ = {isa = PBXFileReference; lastKnownFileType = text.plist.xml; path = Info.plist; sourceTree = "<group>"; };
		E7E544CE1B7667EE006E3021 /* TFAppDelegate.h */ = {isa = PBXFileReference; fileEncoding = 4; lastKnownFileType = sourcecode.c.h; path = TFAppDelegate.h; sourceTree = "<group>"; };
		E7E544CF1B7667EE006E3021 /* TFAppDelegate.m */ = {isa = PBXFileReference; fileEncoding = 4; lastKnownFileType = sourcecode.c.objc; path = TFAppDelegate.m; sourceTree = "<group>"; };
		E7E544D11B7667EE006E3021 /* TFDetailViewController.h */ = {isa = PBXFileReference; fileEncoding = 4; lastKnownFileType = sourcecode.c.h; path = TFDetailViewController.h; sourceTree = "<group>"; };
		E7E544D21B7667EE006E3021 /* TFDetailViewController.m */ = {isa = PBXFileReference; fileEncoding = 4; lastKnownFileType = sourcecode.c.objc; path = TFDetailViewController.m; sourceTree = "<group>"; };
		E7E544D31B7667EE006E3021 /* TFMasterViewController.h */ = {isa = PBXFileReference; fileEncoding = 4; lastKnownFileType = sourcecode.c.h; path = TFMasterViewController.h; sourceTree = "<group>"; };
		E7E544D41B7667EE006E3021 /* TFMasterViewController.m */ = {isa = PBXFileReference; fileEncoding = 4; lastKnownFileType = sourcecode.c.objc; path = TFMasterViewController.m; sourceTree = "<group>"; };
		E7E544DA1B766A77006E3021 /* TFLiveDataSource.h */ = {isa = PBXFileReference; fileEncoding = 4; lastKnownFileType = sourcecode.c.h; path = TFLiveDataSource.h; sourceTree = "<group>"; };
		E7E544DB1B766A77006E3021 /* TFLiveDataSource.m */ = {isa = PBXFileReference; fileEncoding = 4; lastKnownFileType = sourcecode.c.objc; path = TFLiveDataSource.m; sourceTree = "<group>"; };
		E7E544DE1B76810C006E3021 /* Constants.h */ = {isa = PBXFileReference; fileEncoding = 4; lastKnownFileType = sourcecode.c.h; path = Constants.h; sourceTree = "<group>"; };
		E7E544DF1B768BA6006E3021 /* UIImage+TFSubwayLine.h */ = {isa = PBXFileReference; fileEncoding = 4; lastKnownFileType = sourcecode.c.h; path = "UIImage+TFSubwayLine.h"; sourceTree = "<group>"; };
		E7E544E01B768BA6006E3021 /* UIImage+TFSubwayLine.m */ = {isa = PBXFileReference; fileEncoding = 4; lastKnownFileType = sourcecode.c.objc; path = "UIImage+TFSubwayLine.m"; sourceTree = "<group>"; };
		E7E544E51B769B8A006E3021 /* UIColor+TFAlertColors.h */ = {isa = PBXFileReference; fileEncoding = 4; lastKnownFileType = sourcecode.c.h; path = "UIColor+TFAlertColors.h"; sourceTree = "<group>"; };
		E7E544E61B769B8A006E3021 /* UIColor+TFAlertColors.m */ = {isa = PBXFileReference; fileEncoding = 4; lastKnownFileType = sourcecode.c.objc; path = "UIColor+TFAlertColors.m"; sourceTree = "<group>"; };
/* End PBXFileReference section */

/* Begin PBXFrameworksBuildPhase section */
		E721DD651B77C76900AC04C1 /* Frameworks */ = {
			isa = PBXFrameworksBuildPhase;
			buildActionMask = 2147483647;
			files = (
			);
			runOnlyForDeploymentPostprocessing = 0;
		};
		E7E544AC1B766740006E3021 /* Frameworks */ = {
			isa = PBXFrameworksBuildPhase;
			buildActionMask = 2147483647;
			files = (
			);
			runOnlyForDeploymentPostprocessing = 0;
		};
/* End PBXFrameworksBuildPhase section */

/* Begin PBXGroup section */
		E721DD5D1B77C76900AC04C1 /* TrainFaceWatchKitApp */ = {
			isa = PBXGroup;
			children = (
				E721DD5E1B77C76900AC04C1 /* Interface.storyboard */,
				E721DD611B77C76900AC04C1 /* Assets.xcassets */,
				E721DD631B77C76900AC04C1 /* Info.plist */,
			);
			path = TrainFaceWatchKitApp;
			sourceTree = "<group>";
		};
		E721DD6C1B77C76900AC04C1 /* TrainFaceWatchKitApp Extension */ = {
			isa = PBXGroup;
			children = (
				E721DD6D1B77C76900AC04C1 /* InterfaceController.h */,
				E721DD6E1B77C76900AC04C1 /* InterfaceController.m */,
				E78576201B78294D00E7D338 /* DetailInterfaceController.h */,
				E78576211B78294D00E7D338 /* DetailInterfaceController.m */,
				E721DD701B77C76900AC04C1 /* ExtensionDelegate.h */,
				E721DD711B77C76900AC04C1 /* ExtensionDelegate.m */,
				E721DD731B77C76900AC04C1 /* ComplicationController.h */,
				E721DD741B77C76900AC04C1 /* ComplicationController.m */,
				E78F48A91B77C8A60023C8DB /* TFWTrainRow.h */,
				E78F48AA1B77C8A60023C8DB /* TFWTrainRow.m */,
				E721DD761B77C76900AC04C1 /* Assets.xcassets */,
				E721DD781B77C76900AC04C1 /* Info.plist */,
			);
			path = "TrainFaceWatchKitApp Extension";
			sourceTree = "<group>";
		};
		E7E544A61B76673F006E3021 = {
			isa = PBXGroup;
			children = (
				E7E544B11B766740006E3021 /* TrainFace */,
				E721DD5D1B77C76900AC04C1 /* TrainFaceWatchKitApp */,
				E721DD6C1B77C76900AC04C1 /* TrainFaceWatchKitApp Extension */,
				E7E544B01B766740006E3021 /* Products */,
			);
			sourceTree = "<group>";
		};
		E7E544B01B766740006E3021 /* Products */ = {
			isa = PBXGroup;
			children = (
				E7E544AF1B766740006E3021 /* TrainFace.app */,
				E721DD5C1B77C76900AC04C1 /* TrainFaceWatchKitApp.app */,
				E721DD681B77C76900AC04C1 /* TrainFaceWatchKitApp Extension.appex */,
			);
			name = Products;
			sourceTree = "<group>";
		};
		E7E544B11B766740006E3021 /* TrainFace */ = {
			isa = PBXGroup;
			children = (
				E7E544CC1B7667EE006E3021 /* Classes */,
				E7E544BE1B766740006E3021 /* Main.storyboard */,
				E7E544C11B766740006E3021 /* Assets.xcassets */,
				E7E544C31B766740006E3021 /* LaunchScreen.storyboard */,
				E7E544C61B766740006E3021 /* Info.plist */,
				E7E544B21B766740006E3021 /* Supporting Files */,
			);
			path = TrainFace;
			sourceTree = "<group>";
		};
		E7E544B21B766740006E3021 /* Supporting Files */ = {
			isa = PBXGroup;
			children = (
				E7E544DE1B76810C006E3021 /* Constants.h */,
				E7E544B31B766740006E3021 /* main.m */,
			);
			name = "Supporting Files";
			sourceTree = "<group>";
		};
		E7E544CC1B7667EE006E3021 /* Classes */ = {
			isa = PBXGroup;
			children = (
				E7E544CD1B7667EE006E3021 /* Application */,
				E7E544D01B7667EE006E3021 /* Controller */,
				E7E544D51B7667EE006E3021 /* Model */,
				E7E544D61B7667EE006E3021 /* View */,
			);
			path = Classes;
			sourceTree = "<group>";
		};
		E7E544CD1B7667EE006E3021 /* Application */ = {
			isa = PBXGroup;
			children = (
				E7E544CE1B7667EE006E3021 /* TFAppDelegate.h */,
				E7E544CF1B7667EE006E3021 /* TFAppDelegate.m */,
			);
			path = Application;
			sourceTree = "<group>";
		};
		E7E544D01B7667EE006E3021 /* Controller */ = {
			isa = PBXGroup;
			children = (
				E7E544D11B7667EE006E3021 /* TFDetailViewController.h */,
				E7E544D21B7667EE006E3021 /* TFDetailViewController.m */,
				E7E544D31B7667EE006E3021 /* TFMasterViewController.h */,
				E7E544D41B7667EE006E3021 /* TFMasterViewController.m */,
			);
			path = Controller;
			sourceTree = "<group>";
		};
		E7E544D51B7667EE006E3021 /* Model */ = {
			isa = PBXGroup;
			children = (
				E7E544DA1B766A77006E3021 /* TFLiveDataSource.h */,
				E7E544DB1B766A77006E3021 /* TFLiveDataSource.m */,
			);
			path = Model;
			sourceTree = "<group>";
		};
		E7E544D61B7667EE006E3021 /* View */ = {
			isa = PBXGroup;
			children = (
				E7E544DF1B768BA6006E3021 /* UIImage+TFSubwayLine.h */,
				E7E544E01B768BA6006E3021 /* UIImage+TFSubwayLine.m */,
				E7E544E51B769B8A006E3021 /* UIColor+TFAlertColors.h */,
				E7E544E61B769B8A006E3021 /* UIColor+TFAlertColors.m */,
			);
			path = View;
			sourceTree = "<group>";
		};
/* End PBXGroup section */

/* Begin PBXNativeTarget section */
		E721DD5B1B77C76900AC04C1 /* TrainFaceWatchKitApp */ = {
			isa = PBXNativeTarget;
			buildConfigurationList = E721DD801B77C76900AC04C1 /* Build configuration list for PBXNativeTarget "TrainFaceWatchKitApp" */;
			buildPhases = (
				E721DD5A1B77C76900AC04C1 /* Resources */,
				E721DD7F1B77C76900AC04C1 /* Embed App Extensions */,
			);
			buildRules = (
			);
			dependencies = (
				E721DD6B1B77C76900AC04C1 /* PBXTargetDependency */,
			);
			name = TrainFaceWatchKitApp;
			productName = TrainFaceWatchKitApp;
			productReference = E721DD5C1B77C76900AC04C1 /* TrainFaceWatchKitApp.app */;
			productType = "com.apple.product-type.application.watchapp2";
		};
		E721DD671B77C76900AC04C1 /* TrainFaceWatchKitApp Extension */ = {
			isa = PBXNativeTarget;
			buildConfigurationList = E721DD7C1B77C76900AC04C1 /* Build configuration list for PBXNativeTarget "TrainFaceWatchKitApp Extension" */;
			buildPhases = (
				E721DD641B77C76900AC04C1 /* Sources */,
				E721DD651B77C76900AC04C1 /* Frameworks */,
				E721DD661B77C76900AC04C1 /* Resources */,
			);
			buildRules = (
			);
			dependencies = (
			);
			name = "TrainFaceWatchKitApp Extension";
			productName = "TrainFaceWatchKitApp Extension";
			productReference = E721DD681B77C76900AC04C1 /* TrainFaceWatchKitApp Extension.appex */;
			productType = "com.apple.product-type.watchkit2-extension";
		};
		E7E544AE1B766740006E3021 /* TrainFace */ = {
			isa = PBXNativeTarget;
			buildConfigurationList = E7E544C91B766740006E3021 /* Build configuration list for PBXNativeTarget "TrainFace" */;
			buildPhases = (
				E7E544AB1B766740006E3021 /* Sources */,
				E7E544AC1B766740006E3021 /* Frameworks */,
				E7E544AD1B766740006E3021 /* Resources */,
				E721DD831B77C76900AC04C1 /* Embed Watch Content */,
			);
			buildRules = (
			);
			dependencies = (
				E721DD7A1B77C76900AC04C1 /* PBXTargetDependency */,
			);
			name = TrainFace;
			productName = TrainFace;
			productReference = E7E544AF1B766740006E3021 /* TrainFace.app */;
			productType = "com.apple.product-type.application";
		};
/* End PBXNativeTarget section */

/* Begin PBXProject section */
		E7E544A71B76673F006E3021 /* Project object */ = {
			isa = PBXProject;
			attributes = {
				LastUpgradeCheck = 0700;
				ORGANIZATIONNAME = "Panchromatic, LLC";
				TargetAttributes = {
					E721DD5B1B77C76900AC04C1 = {
						CreatedOnToolsVersion = 7.0;
						DevelopmentTeam = 5459V76WQG;
						SystemCapabilities = {
							com.apple.ApplicationGroups.iOS = {
								enabled = 0;
							};
						};
					};
					E721DD671B77C76900AC04C1 = {
						CreatedOnToolsVersion = 7.0;
						DevelopmentTeam = 5459V76WQG;
						SystemCapabilities = {
							com.apple.ApplicationGroups.iOS = {
								enabled = 0;
							};
						};
					};
					E7E544AE1B766740006E3021 = {
						CreatedOnToolsVersion = 7.0;
						DevelopmentTeam = 5459V76WQG;
						SystemCapabilities = {
							com.apple.ApplicationGroups.iOS = {
								enabled = 0;
							};
						};
					};
				};
			};
			buildConfigurationList = E7E544AA1B76673F006E3021 /* Build configuration list for PBXProject "TrainFace" */;
			compatibilityVersion = "Xcode 3.2";
			developmentRegion = English;
			hasScannedForEncodings = 0;
			knownRegions = (
				en,
				Base,
			);
			mainGroup = E7E544A61B76673F006E3021;
			productRefGroup = E7E544B01B766740006E3021 /* Products */;
			projectDirPath = "";
			projectRoot = "";
			targets = (
				E7E544AE1B766740006E3021 /* TrainFace */,
				E721DD5B1B77C76900AC04C1 /* TrainFaceWatchKitApp */,
				E721DD671B77C76900AC04C1 /* TrainFaceWatchKitApp Extension */,
			);
		};
/* End PBXProject section */

/* Begin PBXResourcesBuildPhase section */
		E721DD5A1B77C76900AC04C1 /* Resources */ = {
			isa = PBXResourcesBuildPhase;
			buildActionMask = 2147483647;
			files = (
				E721DD621B77C76900AC04C1 /* Assets.xcassets in Resources */,
				E721DD601B77C76900AC04C1 /* Interface.storyboard in Resources */,
			);
			runOnlyForDeploymentPostprocessing = 0;
		};
		E721DD661B77C76900AC04C1 /* Resources */ = {
			isa = PBXResourcesBuildPhase;
			buildActionMask = 2147483647;
			files = (
				E721DD771B77C76900AC04C1 /* Assets.xcassets in Resources */,
			);
			runOnlyForDeploymentPostprocessing = 0;
		};
		E7E544AD1B766740006E3021 /* Resources */ = {
			isa = PBXResourcesBuildPhase;
			buildActionMask = 2147483647;
			files = (
				E7E544C51B766740006E3021 /* LaunchScreen.storyboard in Resources */,
				E7E544C21B766740006E3021 /* Assets.xcassets in Resources */,
				E7E544C01B766740006E3021 /* Main.storyboard in Resources */,
			);
			runOnlyForDeploymentPostprocessing = 0;
		};
/* End PBXResourcesBuildPhase section */

/* Begin PBXSourcesBuildPhase section */
		E721DD641B77C76900AC04C1 /* Sources */ = {
			isa = PBXSourcesBuildPhase;
			buildActionMask = 2147483647;
			files = (
				E7123E2C1B77ED580070AC66 /* UIColor+TFAlertColors.m in Sources */,
				E721DD751B77C76900AC04C1 /* ComplicationController.m in Sources */,
				E721DD721B77C76900AC04C1 /* ExtensionDelegate.m in Sources */,
				E721DD6F1B77C76900AC04C1 /* InterfaceController.m in Sources */,
				E78576221B78294D00E7D338 /* DetailInterfaceController.m in Sources */,
				E78F48AB1B77C8A60023C8DB /* TFWTrainRow.m in Sources */,
			);
			runOnlyForDeploymentPostprocessing = 0;
		};
		E7E544AB1B766740006E3021 /* Sources */ = {
			isa = PBXSourcesBuildPhase;
			buildActionMask = 2147483647;
			files = (
				E7E544E71B769B8A006E3021 /* UIColor+TFAlertColors.m in Sources */,
				E7E544D91B7667EE006E3021 /* TFMasterViewController.m in Sources */,
				E7E544D81B7667EE006E3021 /* TFDetailViewController.m in Sources */,
				E7E544D71B7667EE006E3021 /* TFAppDelegate.m in Sources */,
				E7E544DC1B766A77006E3021 /* TFLiveDataSource.m in Sources */,
				E7E544B41B766740006E3021 /* main.m in Sources */,
				E7E544E11B768BA6006E3021 /* UIImage+TFSubwayLine.m in Sources */,
			);
			runOnlyForDeploymentPostprocessing = 0;
		};
/* End PBXSourcesBuildPhase section */

/* Begin PBXTargetDependency section */
		E721DD6B1B77C76900AC04C1 /* PBXTargetDependency */ = {
			isa = PBXTargetDependency;
			target = E721DD671B77C76900AC04C1 /* TrainFaceWatchKitApp Extension */;
			targetProxy = E721DD6A1B77C76900AC04C1 /* PBXContainerItemProxy */;
		};
		E721DD7A1B77C76900AC04C1 /* PBXTargetDependency */ = {
			isa = PBXTargetDependency;
			target = E721DD5B1B77C76900AC04C1 /* TrainFaceWatchKitApp */;
			targetProxy = E721DD791B77C76900AC04C1 /* PBXContainerItemProxy */;
		};
/* End PBXTargetDependency section */

/* Begin PBXVariantGroup section */
		E721DD5E1B77C76900AC04C1 /* Interface.storyboard */ = {
			isa = PBXVariantGroup;
			children = (
				E721DD5F1B77C76900AC04C1 /* Base */,
			);
			name = Interface.storyboard;
			sourceTree = "<group>";
		};
		E7E544BE1B766740006E3021 /* Main.storyboard */ = {
			isa = PBXVariantGroup;
			children = (
				E7E544BF1B766740006E3021 /* Base */,
			);
			name = Main.storyboard;
			sourceTree = "<group>";
		};
		E7E544C31B766740006E3021 /* LaunchScreen.storyboard */ = {
			isa = PBXVariantGroup;
			children = (
				E7E544C41B766740006E3021 /* Base */,
			);
			name = LaunchScreen.storyboard;
			sourceTree = "<group>";
		};
/* End PBXVariantGroup section */

/* Begin XCBuildConfiguration section */
		E721DD7D1B77C76900AC04C1 /* Debug */ = {
			isa = XCBuildConfiguration;
			buildSettings = {
				ALWAYS_SEARCH_USER_PATHS = NO;
				ASSETCATALOG_COMPILER_COMPLICATION_NAME = Complication;
				INFOPLIST_FILE = "TrainFaceWatchKitApp Extension/Info.plist";
				LD_RUNPATH_SEARCH_PATHS = "$(inherited) @executable_path/Frameworks @executable_path/../../Frameworks";
				PRODUCT_BUNDLE_IDENTIFIER = net.panchromatic.transitapp.watchkitapp.watchkitextension;
				PRODUCT_NAME = "${TARGET_NAME}";
				SDKROOT = watchos;
				SKIP_INSTALL = YES;
				TARGETED_DEVICE_FAMILY = 4;
				WATCHOS_DEPLOYMENT_TARGET = 2.0;
			};
			name = Debug;
		};
		E721DD7E1B77C76900AC04C1 /* Release */ = {
			isa = XCBuildConfiguration;
			buildSettings = {
				ALWAYS_SEARCH_USER_PATHS = NO;
				ASSETCATALOG_COMPILER_COMPLICATION_NAME = Complication;
				INFOPLIST_FILE = "TrainFaceWatchKitApp Extension/Info.plist";
				LD_RUNPATH_SEARCH_PATHS = "$(inherited) @executable_path/Frameworks @executable_path/../../Frameworks";
				PRODUCT_BUNDLE_IDENTIFIER = net.panchromatic.transitapp.watchkitapp.watchkitextension;
				PRODUCT_NAME = "${TARGET_NAME}";
				SDKROOT = watchos;
				SKIP_INSTALL = YES;
				TARGETED_DEVICE_FAMILY = 4;
				WATCHOS_DEPLOYMENT_TARGET = 2.0;
			};
			name = Release;
		};
		E721DD811B77C76900AC04C1 /* Debug */ = {
			isa = XCBuildConfiguration;
			buildSettings = {
				ALWAYS_SEARCH_USER_PATHS = NO;
				ASSETCATALOG_COMPILER_APPICON_NAME = AppIcon;
				IBSC_MODULE = TrainFaceWatchKitApp_Extension;
				INFOPLIST_FILE = TrainFaceWatchKitApp/Info.plist;
				PRODUCT_BUNDLE_IDENTIFIER = net.panchromatic.transitapp.watchkitapp;
				PRODUCT_NAME = "$(TARGET_NAME)";
				SDKROOT = watchos;
				SKIP_INSTALL = YES;
				TARGETED_DEVICE_FAMILY = 4;
				WATCHOS_DEPLOYMENT_TARGET = 2.0;
			};
			name = Debug;
		};
		E721DD821B77C76900AC04C1 /* Release */ = {
			isa = XCBuildConfiguration;
			buildSettings = {
				ALWAYS_SEARCH_USER_PATHS = NO;
				ASSETCATALOG_COMPILER_APPICON_NAME = AppIcon;
				IBSC_MODULE = TrainFaceWatchKitApp_Extension;
				INFOPLIST_FILE = TrainFaceWatchKitApp/Info.plist;
				PRODUCT_BUNDLE_IDENTIFIER = net.panchromatic.transitapp.watchkitapp;
				PRODUCT_NAME = "$(TARGET_NAME)";
				SDKROOT = watchos;
				SKIP_INSTALL = YES;
				TARGETED_DEVICE_FAMILY = 4;
				WATCHOS_DEPLOYMENT_TARGET = 2.0;
			};
			name = Release;
		};
		E7E544C71B766740006E3021 /* Debug */ = {
			isa = XCBuildConfiguration;
			buildSettings = {
				ALWAYS_SEARCH_USER_PATHS = YES;
				CLANG_CXX_LANGUAGE_STANDARD = "gnu++0x";
				CLANG_CXX_LIBRARY = "libc++";
				CLANG_ENABLE_MODULES = YES;
				CLANG_ENABLE_OBJC_ARC = YES;
				CLANG_WARN_BOOL_CONVERSION = YES;
				CLANG_WARN_CONSTANT_CONVERSION = YES;
				CLANG_WARN_DIRECT_OBJC_ISA_USAGE = YES_ERROR;
				CLANG_WARN_EMPTY_BODY = YES;
				CLANG_WARN_ENUM_CONVERSION = YES;
				CLANG_WARN_INT_CONVERSION = YES;
				CLANG_WARN_OBJC_ROOT_CLASS = YES_ERROR;
				CLANG_WARN_UNREACHABLE_CODE = YES;
				CLANG_WARN__DUPLICATE_METHOD_MATCH = YES;
				"CODE_SIGN_IDENTITY[sdk=iphoneos*]" = "iPhone Developer";
				COPY_PHASE_STRIP = NO;
				DEBUG_INFORMATION_FORMAT = dwarf;
				ENABLE_STRICT_OBJC_MSGSEND = YES;
				ENABLE_TESTABILITY = YES;
				GCC_C_LANGUAGE_STANDARD = gnu99;
				GCC_DYNAMIC_NO_PIC = NO;
				GCC_NO_COMMON_BLOCKS = YES;
				GCC_OPTIMIZATION_LEVEL = 0;
				GCC_PREPROCESSOR_DEFINITIONS = (
					"DEBUG=1",
					"$(inherited)",
				);
				GCC_WARN_64_TO_32_BIT_CONVERSION = YES;
				GCC_WARN_ABOUT_RETURN_TYPE = YES_ERROR;
				GCC_WARN_UNDECLARED_SELECTOR = YES;
				GCC_WARN_UNINITIALIZED_AUTOS = YES_AGGRESSIVE;
				GCC_WARN_UNUSED_FUNCTION = YES;
				GCC_WARN_UNUSED_VARIABLE = YES;
				IPHONEOS_DEPLOYMENT_TARGET = 9.0;
				MTL_ENABLE_DEBUG_INFO = YES;
				ONLY_ACTIVE_ARCH = YES;
				SDKROOT = iphoneos;
			};
			name = Debug;
		};
		E7E544C81B766740006E3021 /* Release */ = {
			isa = XCBuildConfiguration;
			buildSettings = {
				ALWAYS_SEARCH_USER_PATHS = YES;
				CLANG_CXX_LANGUAGE_STANDARD = "gnu++0x";
				CLANG_CXX_LIBRARY = "libc++";
				CLANG_ENABLE_MODULES = YES;
				CLANG_ENABLE_OBJC_ARC = YES;
				CLANG_WARN_BOOL_CONVERSION = YES;
				CLANG_WARN_CONSTANT_CONVERSION = YES;
				CLANG_WARN_DIRECT_OBJC_ISA_USAGE = YES_ERROR;
				CLANG_WARN_EMPTY_BODY = YES;
				CLANG_WARN_ENUM_CONVERSION = YES;
				CLANG_WARN_INT_CONVERSION = YES;
				CLANG_WARN_OBJC_ROOT_CLASS = YES_ERROR;
				CLANG_WARN_UNREACHABLE_CODE = YES;
				CLANG_WARN__DUPLICATE_METHOD_MATCH = YES;
				"CODE_SIGN_IDENTITY[sdk=iphoneos*]" = "iPhone Developer";
				COPY_PHASE_STRIP = NO;
				DEBUG_INFORMATION_FORMAT = "dwarf-with-dsym";
				ENABLE_NS_ASSERTIONS = NO;
				ENABLE_STRICT_OBJC_MSGSEND = YES;
				GCC_C_LANGUAGE_STANDARD = gnu99;
				GCC_NO_COMMON_BLOCKS = YES;
				GCC_WARN_64_TO_32_BIT_CONVERSION = YES;
				GCC_WARN_ABOUT_RETURN_TYPE = YES_ERROR;
				GCC_WARN_UNDECLARED_SELECTOR = YES;
				GCC_WARN_UNINITIALIZED_AUTOS = YES_AGGRESSIVE;
				GCC_WARN_UNUSED_FUNCTION = YES;
				GCC_WARN_UNUSED_VARIABLE = YES;
				IPHONEOS_DEPLOYMENT_TARGET = 9.0;
				MTL_ENABLE_DEBUG_INFO = NO;
				SDKROOT = iphoneos;
				VALIDATE_PRODUCT = YES;
			};
			name = Release;
		};
		E7E544CA1B766740006E3021 /* Debug */ = {
			isa = XCBuildConfiguration;
			buildSettings = {
				ASSETCATALOG_COMPILER_APPICON_NAME = AppIcon;
				CODE_SIGN_IDENTITY = "iPhone Developer";
				"CODE_SIGN_IDENTITY[sdk=iphoneos*]" = "iPhone Developer";
				INFOPLIST_FILE = TrainFace/Info.plist;
				LD_RUNPATH_SEARCH_PATHS = "$(inherited) @executable_path/Frameworks";
				PRODUCT_BUNDLE_IDENTIFIER = net.panchromatic.transitapp;
				PRODUCT_NAME = "$(TARGET_NAME)";
				PROVISIONING_PROFILE = "";
			};
			name = Debug;
		};
		E7E544CB1B766740006E3021 /* Release */ = {
			isa = XCBuildConfiguration;
			buildSettings = {
				ASSETCATALOG_COMPILER_APPICON_NAME = AppIcon;
				CODE_SIGN_IDENTITY = "iPhone Developer";
				"CODE_SIGN_IDENTITY[sdk=iphoneos*]" = "iPhone Developer";
				INFOPLIST_FILE = TrainFace/Info.plist;
				LD_RUNPATH_SEARCH_PATHS = "$(inherited) @executable_path/Frameworks";
				PRODUCT_BUNDLE_IDENTIFIER = net.panchromatic.transitapp;
				PRODUCT_NAME = "$(TARGET_NAME)";
				PROVISIONING_PROFILE = "";
			};
			name = Release;
		};
/* End XCBuildConfiguration section */

/* Begin XCConfigurationList section */
		E721DD7C1B77C76900AC04C1 /* Build configuration list for PBXNativeTarget "TrainFaceWatchKitApp Extension" */ = {
			isa = XCConfigurationList;
			buildConfigurations = (
				E721DD7D1B77C76900AC04C1 /* Debug */,
				E721DD7E1B77C76900AC04C1 /* Release */,
			);
			defaultConfigurationIsVisible = 0;
			defaultConfigurationName = Release;
		};
		E721DD801B77C76900AC04C1 /* Build configuration list for PBXNativeTarget "TrainFaceWatchKitApp" */ = {
			isa = XCConfigurationList;
			buildConfigurations = (
				E721DD811B77C76900AC04C1 /* Debug */,
				E721DD821B77C76900AC04C1 /* Release */,
			);
			defaultConfigurationIsVisible = 0;
			defaultConfigurationName = Release;
		};
		E7E544AA1B76673F006E3021 /* Build configuration list for PBXProject "TrainFace" */ = {
			isa = XCConfigurationList;
			buildConfigurations = (
				E7E544C71B766740006E3021 /* Debug */,
				E7E544C81B766740006E3021 /* Release */,
			);
			defaultConfigurationIsVisible = 0;
			defaultConfigurationName = Release;
		};
		E7E544C91B766740006E3021 /* Build configuration list for PBXNativeTarget "TrainFace" */ = {
			isa = XCConfigurationList;
			buildConfigurations = (
				E7E544CA1B766740006E3021 /* Debug */,
				E7E544CB1B766740006E3021 /* Release */,
			);
			defaultConfigurationIsVisible = 0;
			defaultConfigurationName = Release;
		};
/* End XCConfigurationList section */
	};
	rootObject = E7E544A71B76673F006E3021 /* Project object */;
}
